
Microsoft Visual Studio Solution File, Format Version 12.00
# Visual Studio 15
VisualStudioVersion = 15.0.28307.271
MinimumVisualStudioVersion = 10.0.40219.1
Project("{FAE04EC0-301F-11D3-BF4B-00C04F79EFBC}") = "TransformationHelper", "TransformationHelper\TransformationHelper.csproj", "{21330F76-9F0F-40A3-BFCC-8382587857D6}"
EndProject
Project("{FAE04EC0-301F-11D3-BF4B-00C04F79EFBC}") = "AzureFunction.Helper", "AzureFunction.Helper\AzureFunction.Helper.csproj", "{687E85B6-7C6A-49D7-9CC0-D88FF476952C}"
EndProject
Global
	GlobalSection(SolutionConfigurationPlatforms) = preSolution
		Debug|Any CPU = Debug|Any CPU
		Release|Any CPU = Release|Any CPU
	EndGlobalSection
	GlobalSection(ProjectConfigurationPlatforms) = postSolution
		{21330F76-9F0F-40A3-BFCC-8382587857D6}.Debug|Any CPU.ActiveCfg = Debug|Any CPU
		{21330F76-9F0F-40A3-BFCC-8382587857D6}.Debug|Any CPU.Build.0 = Debug|Any CPU
		{21330F76-9F0F-40A3-BFCC-8382587857D6}.Release|Any CPU.ActiveCfg = Release|Any CPU
		{21330F76-9F0F-40A3-BFCC-8382587857D6}.Release|Any CPU.Build.0 = Release|Any CPU
		{687E85B6-7C6A-49D7-9CC0-D88FF476952C}.Debug|Any CPU.ActiveCfg = Debug|Any CPU
		{687E85B6-7C6A-49D7-9CC0-D88FF476952C}.Debug|Any CPU.Build.0 = Debug|Any CPU
		{687E85B6-7C6A-49D7-9CC0-D88FF476952C}.Release|Any CPU.ActiveCfg = Release|Any CPU
		{687E85B6-7C6A-49D7-9CC0-D88FF476952C}.Release|Any CPU.Build.0 = Release|Any CPU
	EndGlobalSection
	GlobalSection(SolutionProperties) = preSolution
		HideSolutionNode = FALSE
	EndGlobalSection
	GlobalSection(ExtensibilityGlobals) = postSolution
		SolutionGuid = {3F7A478B-C219-409A-A0B4-707ED68C2F9F}
	EndGlobalSection
EndGlobal
